{
  "name": "mahesh pro",
  "lockfileVersion": 3,
  "requires": true,
  "packages": {
    "": {
      "dependencies": {
        "@sentdm/sentdm": "^0.42.0"
      }
    },
    "node_modules/@sentdm/sentdm": {
      "version": "0.42.0",
      "resolved": "https://registry.npmjs.org/@sentdm/sentdm/-/sentdm-0.42.0.tgz",
      "integrity": "sha512-3FnLWdCZOMvrz61AQVlaIN573e3uotDQ4Em+bNqZRs/Dpua4nUcSy9aVIycIFSKk4FBiZZgCpKZXqwMiz+ZlaQ==",
      "license": "Apache-2.0"
    }
  }
}
